# This file is automatically @generated by Cargo.
# It is not intended for manual editing.
version = 3

[[package]]
name = "aho-corasick"
version = "0.7.20"
source = "registry+https://github.com/rust-lang/crates.io-index"
checksum = "cc936419f96fa211c1b9166887b38e5e40b19958e5b895be7c1f93adec7071ac"
dependencies = [
 "memchr",
]

[[package]]
name = "arrayvec"
version = "0.7.4"
source = "registry+https://github.com/rust-lang/crates.io-index"
checksum = "96d30a06541fbafbc7f82ed10c06164cfbd2c401138f6addd8404629c4b16711"

[[package]]
name = "base58ck"
version = "0.1.0"
source = "git+https://github.com/rust-bitcoin/rust-bitcoin?branch=master#2edfcedde13fe226d6c01d768108957592dcfd67"
dependencies = [
 "bitcoin-internals",
 "bitcoin_hashes 0.15.0",
]

[[package]]
name = "base64"
version = "0.22.1"
source = "registry+https://github.com/rust-lang/crates.io-index"
checksum = "72b3254f16251a8381aa12e40e3c4d2f0199f8c6508fbecb9d91f575e0fbb8c6"

[[package]]
name = "bech32"
version = "0.11.0"
source = "registry+https://github.com/rust-lang/crates.io-index"
checksum = "d965446196e3b7decd44aa7ee49e31d630118f90ef12f97900f262eb915c951d"

[[package]]
name = "bitcoin"
version = "0.33.0-alpha"
source = "git+https://github.com/rust-bitcoin/rust-bitcoin?branch=master#2edfcedde13fe226d6c01d768108957592dcfd67"
dependencies = [
 "base58ck",
 "base64",
 "bech32",
 "bitcoin-internals",
 "bitcoin-io",
 "bitcoin-primitives",
 "bitcoin-units",
 "bitcoin_hashes 0.15.0",
 "bitcoinconsensus",
 "hex-conservative",
 "secp256k1",
 "serde",
]

[[package]]
name = "bitcoin-internals"
version = "0.4.0"
source = "git+https://github.com/rust-bitcoin/rust-bitcoin?branch=master#2edfcedde13fe226d6c01d768108957592dcfd67"
dependencies = [
 "hex-conservative",
 "serde",
]

[[package]]
name = "bitcoin-io"
version = "0.2.0"
source = "git+https://github.com/rust-bitcoin/rust-bitcoin?branch=master#2edfcedde13fe226d6c01d768108957592dcfd67"
dependencies = [
 "bitcoin-internals",
]

[[package]]
name = "bitcoin-primitives"
version = "0.100.0"
source = "git+https://github.com/rust-bitcoin/rust-bitcoin?branch=master#2edfcedde13fe226d6c01d768108957592dcfd67"
dependencies = [
 "bitcoin-internals",
 "bitcoin-io",
 "bitcoin-units",
 "bitcoin_hashes 0.15.0",
 "hex-conservative",
 "serde",
]

[[package]]
name = "bitcoin-units"
version = "0.2.0"
source = "git+https://github.com/rust-bitcoin/rust-bitcoin?branch=master#2edfcedde13fe226d6c01d768108957592dcfd67"
dependencies = [
 "bitcoin-internals",
 "serde",
]

[[package]]
name = "bitcoin_hashes"
version = "0.14.0"
source = "registry+https://github.com/rust-lang/crates.io-index"
checksum = "bb18c03d0db0247e147a21a6faafd5a7eb851c743db062de72018b6b7e8e4d16"
dependencies = [
 "hex-conservative",
]

[[package]]
name = "bitcoin_hashes"
version = "0.15.0"
source = "git+https://github.com/rust-bitcoin/rust-bitcoin?branch=master#2edfcedde13fe226d6c01d768108957592dcfd67"
dependencies = [
 "bitcoin-io",
 "hex-conservative",
 "serde",
]

[[package]]
name = "bitcoinconsensus"
version = "0.106.0+26.0"
source = "registry+https://github.com/rust-lang/crates.io-index"
checksum = "e12cba9cce5043cdda968e07b9df6d05ec6b0b38aa27a9a40bb575cf3e521ae9"
dependencies = [
 "cc",
]

[[package]]
name = "cc"
version = "1.0.28"
source = "registry+https://github.com/rust-lang/crates.io-index"
checksum = "bb4a8b715cb4597106ea87c7c84b2f1d452c7492033765df7f32651e66fcf749"

[[package]]
name = "cfg-if"
version = "1.0.0"
source = "registry+https://github.com/rust-lang/crates.io-index"
checksum = "baf1de4339761588bc0619e3cbc0120ee582ebb74b53b4efbf79117bd2da40fd"

[[package]]
name = "descriptor-fuzz"
version = "0.0.1"
dependencies = [
 "honggfuzz",
 "miniscript",
 "regex",
]

[[package]]
name = "getrandom"
version = "0.2.14"
source = "registry+https://github.com/rust-lang/crates.io-index"
checksum = "94b22e06ecb0110981051723910cbf0b5f5e09a2062dd7663334ee79a9d1286c"
dependencies = [
 "cfg-if",
 "libc",
 "wasi",
]

[[package]]
name = "hex-conservative"
version = "0.2.1"
source = "registry+https://github.com/rust-lang/crates.io-index"
checksum = "5313b072ce3c597065a808dbf612c4c8e8590bdbf8b579508bf7a762c5eae6cd"
dependencies = [
 "arrayvec",
]

[[package]]
name = "honggfuzz"
version = "0.5.56"
source = "registry+https://github.com/rust-lang/crates.io-index"
checksum = "7c76b6234c13c9ea73946d1379d33186151148e0da231506b964b44f3d023505"
dependencies = [
 "lazy_static",
 "memmap2",
 "rustc_version",
]

[[package]]
name = "lazy_static"
version = "1.4.0"
source = "registry+https://github.com/rust-lang/crates.io-index"
checksum = "e2abad23fbc42b3700f2f279844dc832adb2b2eb069b2df918f455c4e18cc646"

[[package]]
name = "libc"
version = "0.2.154"
source = "registry+https://github.com/rust-lang/crates.io-index"
checksum = "ae743338b92ff9146ce83992f766a31066a91a8c84a45e0e9f21e7cf6de6d346"

[[package]]
name = "memchr"
version = "2.5.0"
source = "registry+https://github.com/rust-lang/crates.io-index"
checksum = "2dffe52ecf27772e601905b7522cb4ef790d2cc203488bbd0e2fe85fcb74566d"

[[package]]
name = "memmap2"
version = "0.9.4"
source = "registry+https://github.com/rust-lang/crates.io-index"
checksum = "fe751422e4a8caa417e13c3ea66452215d7d63e19e604f4980461212f3ae1322"
dependencies = [
 "libc",
]

[[package]]
name = "miniscript"
version = "12.2.0"
dependencies = [
 "bech32",
 "bitcoin",
 "secp256k1",
 "serde",
 "serde_test",
]

[[package]]
name = "ppv-lite86"
version = "0.2.17"
source = "registry+https://github.com/rust-lang/crates.io-index"
checksum = "5b40af805b3121feab8a3c29f04d8ad262fa8e0561883e7653e024ae4479e6de"

[[package]]
name = "proc-macro2"
version = "1.0.81"
source = "registry+https://github.com/rust-lang/crates.io-index"
checksum = "3d1597b0c024618f09a9c3b8655b7e430397a36d23fdafec26d6965e9eec3eba"
dependencies = [
 "unicode-ident",
]

[[package]]
name = "quote"
version = "1.0.36"
source = "registry+https://github.com/rust-lang/crates.io-index"
checksum = "0fa76aaf39101c457836aec0ce2316dbdc3ab723cdda1c6bd4e6ad4208acaca7"
dependencies = [
 "proc-macro2",
]

[[package]]
name = "rand"
version = "0.8.5"
source = "registry+https://github.com/rust-lang/crates.io-index"
checksum = "34af8d1a0e25924bc5b7c43c079c942339d8f0a8b57c39049bef581b46327404"
dependencies = [
 "libc",
 "rand_chacha",
 "rand_core",
]

[[package]]
name = "rand_chacha"
version = "0.3.1"
source = "registry+https://github.com/rust-lang/crates.io-index"
checksum = "e6c10a63a0fa32252be49d21e7709d4d4baf8d231c2dbce1eaa8141b9b127d88"
dependencies = [
 "ppv-lite86",
 "rand_core",
]

[[package]]
name = "rand_core"
version = "0.6.4"
source = "registry+https://github.com/rust-lang/crates.io-index"
checksum = "ec0be4795e2f6a28069bec0b5ff3e2ac9bafc99e6a9a7dc3547996c5c816922c"
dependencies = [
 "getrandom",
]

[[package]]
name = "regex"
version = "1.7.3"
source = "registry+https://github.com/rust-lang/crates.io-index"
checksum = "8b1f693b24f6ac912f4893ef08244d70b6067480d2f1a46e950c9691e6749d1d"
dependencies = [
 "aho-corasick",
 "memchr",
 "regex-syntax",
]

[[package]]
name = "regex-syntax"
version = "0.6.29"
source = "registry+https://github.com/rust-lang/crates.io-index"
checksum = "f162c6dd7b008981e4d40210aca20b4bd0f9b60ca9271061b07f78537722f2e1"

[[package]]
name = "rustc_version"
version = "0.4.0"
source = "registry+https://github.com/rust-lang/crates.io-index"
checksum = "bfa0f585226d2e68097d4f95d113b15b83a82e819ab25717ec0590d9584ef366"
dependencies = [
 "semver",
]

[[package]]
name = "secp256k1"
version = "0.29.0"
source = "registry+https://github.com/rust-lang/crates.io-index"
checksum = "0e0cc0f1cf93f4969faf3ea1c7d8a9faed25918d96affa959720823dfe86d4f3"
dependencies = [
 "bitcoin_hashes 0.14.0",
 "rand",
 "secp256k1-sys",
 "serde",
]

[[package]]
name = "secp256k1-sys"
version = "0.10.0"
source = "registry+https://github.com/rust-lang/crates.io-index"
checksum = "1433bd67156263443f14d603720b082dd3121779323fce20cba2aa07b874bc1b"
dependencies = [
 "cc",
]

[[package]]
name = "semver"
version = "1.0.22"
source = "registry+https://github.com/rust-lang/crates.io-index"
checksum = "92d43fe69e652f3df9bdc2b85b2854a0825b86e4fb76bc44d945137d053639ca"

[[package]]
name = "serde"
version = "1.0.199"
source = "registry+https://github.com/rust-lang/crates.io-index"
checksum = "0c9f6e76df036c77cd94996771fb40db98187f096dd0b9af39c6c6e452ba966a"
dependencies = [
 "serde_derive",
]

[[package]]
name = "serde_derive"
version = "1.0.199"
source = "registry+https://github.com/rust-lang/crates.io-index"
checksum = "11bd257a6541e141e42ca6d24ae26f7714887b47e89aa739099104c7e4d3b7fc"
dependencies = [
 "proc-macro2",
 "quote",
 "syn",
]

[[package]]
name = "serde_test"
version = "1.0.176"
source = "registry+https://github.com/rust-lang/crates.io-index"
checksum = "5a2f49ace1498612d14f7e0b8245519584db8299541dfe31a06374a828d620ab"
dependencies = [
 "serde",
]

[[package]]
name = "syn"
version = "2.0.56"
source = "registry+https://github.com/rust-lang/crates.io-index"
checksum = "6e2415488199887523e74fd9a5f7be804dfd42d868ae0eca382e3917094d210e"
dependencies = [
 "proc-macro2",
 "quote",
 "unicode-ident",
]

[[package]]
name = "unicode-ident"
version = "1.0.12"
source = "registry+https://github.com/rust-lang/crates.io-index"
checksum = "3354b9ac3fae1ff6755cb6db53683adb661634f67557942dea4facebec0fee4b"

[[package]]
name = "wasi"
version = "0.11.0+wasi-snapshot-preview1"
source = "registry+https://github.com/rust-lang/crates.io-index"
checksum = "9c8d87e72b64a3b4db28d11ce29237c246188f4f51057d65a7eab63b7987e423"
